
Microsoft Visual Studio Solution File, Format Version 12.00
# Visual Studio Version 17
VisualStudioVersion = 17.7.34024.191
MinimumVisualStudioVersion = 10.0.40219.1
Project("{FAE04EC0-301F-11D3-BF4B-00C04F79EFBC}") = "Prod_Model", "Prod_Model\Prod_Model.csproj", "{DA3C0797-6146-4DF7-B236-29E98DA767FF}"
EndProject
Global
	GlobalSection(SolutionConfigurationPlatforms) = preSolution
		Debug|Any CPU = Debug|Any CPU
		Release|Any CPU = Release|Any CPU
	EndGlobalSection
	GlobalSection(ProjectConfigurationPlatforms) = postSolution
		{DA3C0797-6146-4DF7-B236-29E98DA767FF}.Debug|Any CPU.ActiveCfg = Debug|Any CPU
		{DA3C0797-6146-4DF7-B236-29E98DA767FF}.Debug|Any CPU.Build.0 = Debug|Any CPU
		{DA3C0797-6146-4DF7-B236-29E98DA767FF}.Release|Any CPU.ActiveCfg = Release|Any CPU
		{DA3C0797-6146-4DF7-B236-29E98DA767FF}.Release|Any CPU.Build.0 = Release|Any CPU
	EndGlobalSection
	GlobalSection(SolutionProperties) = preSolution
		HideSolutionNode = FALSE
	EndGlobalSection
	GlobalSection(ExtensibilityGlobals) = postSolution
		SolutionGuid = {C414403D-844E-4E45-83AD-352E9D1BCB2D}
	EndGlobalSection
EndGlobal
